
Microsoft Visual Studio Solution File, Format Version 12.00
# Visual Studio Version 17
VisualStudioVersion = 17.11.35208.52
MinimumVisualStudioVersion = 10.0.40219.1
Project("{FAE04EC0-301F-11D3-BF4B-00C04F79EFBC}") = "AuditTrailExample", "AuditTrailExample\AuditTrailExample.csproj", "{A348F570-3136-4B0F-9471-0264B5CF75F9}"
EndProject
Global
	GlobalSection(SolutionConfigurationPlatforms) = preSolution
		Debug|Any CPU = Debug|Any CPU
		Release|Any CPU = Release|Any CPU
	EndGlobalSection
	GlobalSection(ProjectConfigurationPlatforms) = postSolution
		{A348F570-3136-4B0F-9471-0264B5CF75F9}.Debug|Any CPU.ActiveCfg = Debug|Any CPU
		{A348F570-3136-4B0F-9471-0264B5CF75F9}.Debug|Any CPU.Build.0 = Debug|Any CPU
		{A348F570-3136-4B0F-9471-0264B5CF75F9}.Release|Any CPU.ActiveCfg = Release|Any CPU
		{A348F570-3136-4B0F-9471-0264B5CF75F9}.Release|Any CPU.Build.0 = Release|Any CPU
	EndGlobalSection
	GlobalSection(SolutionProperties) = preSolution
		HideSolutionNode = FALSE
	EndGlobalSection
	GlobalSection(ExtensibilityGlobals) = postSolution
		SolutionGuid = {385D2A2F-759C-4B96-B618-C4960CF419F0}
	EndGlobalSection
EndGlobal
